// !$*UTF8*$!
{
	archiveVersion = 1;
	classes = {
	};
	objectVersion = 46;
	objects = {

/* Begin PBXBuildFile section */
		580622B41FFA36810002FD0A /* main.m in Sources */ = {isa = PBXBuildFile; fileRef = 580622B31FFA36810002FD0A /* main.m */; };
		580622B71FFA36810002FD0A /* AppDelegate.m in Sources */ = {isa = PBXBuildFile; fileRef = 580622B61FFA36810002FD0A /* AppDelegate.m */; };
		580622BA1FFA36810002FD0A /* ViewController.m in Sources */ = {isa = PBXBuildFile; fileRef = 580622B91FFA36810002FD0A /* ViewController.m */; };
		580622BD1FFA36810002FD0A /* Main.storyboard in Resources */ = {isa = PBXBuildFile; fileRef = 580622BB1FFA36810002FD0A /* Main.storyboard */; };
		580622BF1FFA36810002FD0A /* Assets.xcassets in Resources */ = {isa = PBXBuildFile; fileRef = 580622BE1FFA36810002FD0A /* Assets.xcassets */; };
		580622C21FFA36810002FD0A /* LaunchScreen.storyboard in Resources */ = {isa = PBXBuildFile; fileRef = 580622C01FFA36810002FD0A /* LaunchScreen.storyboard */; };
		580622CD1FFA36820002FD0A /* MLCodeTestTowTests.m in Sources */ = {isa = PBXBuildFile; fileRef = 580622CC1FFA36820002FD0A /* MLCodeTestTowTests.m */; };
		580622D81FFA36820002FD0A /* MLCodeTestTowUITests.m in Sources */ = {isa = PBXBuildFile; fileRef = 580622D71FFA36820002FD0A /* MLCodeTestTowUITests.m */; };
/* End PBXBuildFile section */

/* Begin PBXContainerItemProxy section */
		580622C91FFA36810002FD0A /* PBXContainerItemProxy */ = {
			isa = PBXContainerItemProxy;
			containerPortal = 580622A71FFA36810002FD0A /* Project object */;
			proxyType = 1;
			remoteGlobalIDString = 580622AE1FFA36810002FD0A;
			remoteInfo = MLCodeTestTow;
		};
		580622D41FFA36820002FD0A /* PBXContainerItemProxy */ = {
			isa = PBXContainerItemProxy;
			containerPortal = 580622A71FFA36810002FD0A /* Project object */;
			proxyType = 1;
			remoteGlobalIDString = 580622AE1FFA36810002FD0A;
			remoteInfo = MLCodeTestTow;
		};
/* End PBXContainerItemProxy section */

/* Begin PBXFileReference section */
		580622AF1FFA36810002FD0A /* MLCodeTestTow.app */ = {isa = PBXFileReference; explicitFileType = wrapper.application; includeInIndex = 0; path = MLCodeTestTow.app; sourceTree = BUILT_PRODUCTS_DIR; };
		580622B31FFA36810002FD0A /* main.m */ = {isa = PBXFileReference; lastKnownFileType = sourcecode.c.objc; path = main.m; sourceTree = "<group>"; };
		580622B51FFA36810002FD0A /* AppDelegate.h */ = {isa = PBXFileReference; lastKnownFileType = sourcecode.c.h; path = AppDelegate.h; sourceTree = "<group>"; };
		580622B61FFA36810002FD0A /* AppDelegate.m */ = {isa = PBXFileReference; lastKnownFileType = sourcecode.c.objc; path = AppDelegate.m; sourceTree = "<group>"; };
		580622B81FFA36810002FD0A /* ViewController.h */ = {isa = PBXFileReference; lastKnownFileType = sourcecode.c.h; path = ViewController.h; sourceTree = "<group>"; };
		580622B91FFA36810002FD0A /* ViewController.m */ = {isa = PBXFileReference; lastKnownFileType = sourcecode.c.objc; path = ViewController.m; sourceTree = "<group>"; };
		580622BC1FFA36810002FD0A /* Base */ = {isa = PBXFileReference; lastKnownFileType = file.storyboard; name = Base; path = Base.lproj/Main.storyboard; sourceTree = "<group>"; };
		580622BE1FFA36810002FD0A /* Assets.xcassets */ = {isa = PBXFileReference; lastKnownFileType = folder.assetcatalog; path = Assets.xcassets; sourceTree = "<group>"; };
		580622C11FFA36810002FD0A /* Base */ = {isa = PBXFileReference; lastKnownFileType = file.storyboard; name = Base; path = Base.lproj/LaunchScreen.storyboard; sourceTree = "<group>"; };
		580622C31FFA36810002FD0A /* Info.plist */ = {isa = PBXFileReference; lastKnownFileType = text.plist.xml; path = Info.plist; sourceTree = "<group>"; };
		580622C81FFA36810002FD0A /* MLCodeTestTowTests.xctest */ = {isa = PBXFileReference; explicitFileType = wrapper.cfbundle; includeInIndex = 0; path = MLCodeTestTowTests.xctest; sourceTree = BUILT_PRODUCTS_DIR; };
		580622CC1FFA36820002FD0A /* MLCodeTestTowTests.m */ = {isa = PBXFileReference; lastKnownFileType = sourcecode.c.objc; path = MLCodeTestTowTests.m; sourceTree = "<group>"; };
		580622CE1FFA36820002FD0A /* Info.plist */ = {isa = PBXFileReference; lastKnownFileType = text.plist.xml; path = Info.plist; sourceTree = "<group>"; };
		580622D31FFA36820002FD0A /* MLCodeTestTowUITests.xctest */ = {isa = PBXFileReference; explicitFileType = wrapper.cfbundle; includeInIndex = 0; path = MLCodeTestTowUITests.xctest; sourceTree = BUILT_PRODUCTS_DIR; };
		580622D71FFA36820002FD0A /* MLCodeTestTowUITests.m */ = {isa = PBXFileReference; lastKnownFileType = sourcecode.c.objc; path = MLCodeTestTowUITests.m; sourceTree = "<group>"; };
		580622D91FFA36820002FD0A /* Info.plist */ = {isa = PBXFileReference; lastKnownFileType = text.plist.xml; path = Info.plist; sourceTree = "<group>"; };
/* End PBXFileReference section */

/* Begin PBXFrameworksBuildPhase section */
		580622AC1FFA36810002FD0A /* Frameworks */ = {
			isa = PBXFrameworksBuildPhase;
			buildActionMask = 2147483647;
			files = (
			);
			runOnlyForDeploymentPostprocessing = 0;
		};
		580622C51FFA36810002FD0A /* Frameworks */ = {
			isa = PBXFrameworksBuildPhase;
			buildActionMask = 2147483647;
			files = (
			);
			runOnlyForDeploymentPostprocessing = 0;
		};
		580622D01FFA36820002FD0A /* Frameworks */ = {
			isa = PBXFrameworksBuildPhase;
			buildActionMask = 2147483647;
			files = (
			);
			runOnlyForDeploymentPostprocessing = 0;
		};
/* End PBXFrameworksBuildPhase section */

/* Begin PBXGroup section */
		580622A61FFA36810002FD0A = {
			isa = PBXGroup;
			children = (
				580622B11FFA36810002FD0A /* MLCodeTestTow */,
				580622CB1FFA36810002FD0A /* MLCodeTestTowTests */,
				580622D61FFA36820002FD0A /* MLCodeTestTowUITests */,
				580622B01FFA36810002FD0A /* Products */,
			);
			sourceTree = "<group>";
		};
		580622B01FFA36810002FD0A /* Products */ = {
			isa = PBXGroup;
			children = (
				580622AF1FFA36810002FD0A /* MLCodeTestTow.app */,
				580622C81FFA36810002FD0A /* MLCodeTestTowTests.xctest */,
				580622D31FFA36820002FD0A /* MLCodeTestTowUITests.xctest */,
			);
			name = Products;
			sourceTree = "<group>";
		};
		580622B11FFA36810002FD0A /* MLCodeTestTow */ = {
			isa = PBXGroup;
			children = (
				580622B51FFA36810002FD0A /* AppDelegate.h */,
				580622B61FFA36810002FD0A /* AppDelegate.m */,
				580622B81FFA36810002FD0A /* ViewController.h */,
				580622B91FFA36810002FD0A /* ViewController.m */,
				580622BB1FFA36810002FD0A /* Main.storyboard */,
				580622BE1FFA36810002FD0A /* Assets.xcassets */,
				580622C01FFA36810002FD0A /* LaunchScreen.storyboard */,
				580622C31FFA36810002FD0A /* Info.plist */,
				580622B21FFA36810002FD0A /* Supporting Files */,
			);
			path = MLCodeTestTow;
			sourceTree = "<group>";
		};
		580622B21FFA36810002FD0A /* Supporting Files */ = {
			isa = PBXGroup;
			children = (
				580622B31FFA36810002FD0A /* main.m */,
			);
			name = "Supporting Files";
			sourceTree = "<group>";
		};
		580622CB1FFA36810002FD0A /* MLCodeTestTowTests */ = {
			isa = PBXGroup;
			children = (
				580622CC1FFA36820002FD0A /* MLCodeTestTowTests.m */,
				580622CE1FFA36820002FD0A /* Info.plist */,
			);
			path = MLCodeTestTowTests;
			sourceTree = "<group>";
		};
		580622D61FFA36820002FD0A /* MLCodeTestTowUITests */ = {
			isa = PBXGroup;
			children = (
				580622D71FFA36820002FD0A /* MLCodeTestTowUITests.m */,
				580622D91FFA36820002FD0A /* Info.plist */,
			);
			path = MLCodeTestTowUITests;
			sourceTree = "<group>";
		};
/* End PBXGroup section */

/* Begin PBXNativeTarget section */
		580622AE1FFA36810002FD0A /* MLCodeTestTow */ = {
			isa = PBXNativeTarget;
			buildConfigurationList = 580622DC1FFA36820002FD0A /* Build configuration list for PBXNativeTarget "MLCodeTestTow" */;
			buildPhases = (
				580622AB1FFA36810002FD0A /* Sources */,
				580622AC1FFA36810002FD0A /* Frameworks */,
				580622AD1FFA36810002FD0A /* Resources */,
			);
			buildRules = (
			);
			dependencies = (
			);
			name = MLCodeTestTow;
			productName = MLCodeTestTow;
			productReference = 580622AF1FFA36810002FD0A /* MLCodeTestTow.app */;
			productType = "com.apple.product-type.application";
		};
		580622C71FFA36810002FD0A /* MLCodeTestTowTests */ = {
			isa = PBXNativeTarget;
			buildConfigurationList = 580622DF1FFA36820002FD0A /* Build configuration list for PBXNativeTarget "MLCodeTestTowTests" */;
			buildPhases = (
				580622C41FFA36810002FD0A /* Sources */,
				580622C51FFA36810002FD0A /* Frameworks */,
				580622C61FFA36810002FD0A /* Resources */,
			);
			buildRules = (
			);
			dependencies = (
				580622CA1FFA36810002FD0A /* PBXTargetDependency */,
			);
			name = MLCodeTestTowTests;
			productName = MLCodeTestTowTests;
			productReference = 580622C81FFA36810002FD0A /* MLCodeTestTowTests.xctest */;
			productType = "com.apple.product-type.bundle.unit-test";
		};
		580622D21FFA36820002FD0A /* MLCodeTestTowUITests */ = {
			isa = PBXNativeTarget;
			buildConfigurationList = 580622E21FFA36820002FD0A /* Build configuration list for PBXNativeTarget "MLCodeTestTowUITests" */;
			buildPhases = (
				580622CF1FFA36820002FD0A /* Sources */,
				580622D01FFA36820002FD0A /* Frameworks */,
				580622D11FFA36820002FD0A /* Resources */,
			);
			buildRules = (
			);
			dependencies = (
				580622D51FFA36820002FD0A /* PBXTargetDependency */,
			);
			name = MLCodeTestTowUITests;
			productName = MLCodeTestTowUITests;
			productReference = 580622D31FFA36820002FD0A /* MLCodeTestTowUITests.xctest */;
			productType = "com.apple.product-type.bundle.ui-testing";
		};
/* End PBXNativeTarget section */

/* Begin PBXProject section */
		580622A71FFA36810002FD0A /* Project object */ = {
			isa = PBXProject;
			attributes = {
				LastUpgradeCheck = 0720;
				ORGANIZATIONNAME = "深圳市满泰科技有限公司";
				TargetAttributes = {
					580622AE1FFA36810002FD0A = {
						CreatedOnToolsVersion = 7.2;
					};
					580622C71FFA36810002FD0A = {
						CreatedOnToolsVersion = 7.2;
						TestTargetID = 580622AE1FFA36810002FD0A;
					};
					580622D21FFA36820002FD0A = {
						CreatedOnToolsVersion = 7.2;
						TestTargetID = 580622AE1FFA36810002FD0A;
					};
				};
			};
			buildConfigurationList = 580622AA1FFA36810002FD0A /* Build configuration list for PBXProject "MLCodeTestTow" */;
			compatibilityVersion = "Xcode 3.2";
			developmentRegion = English;
			hasScannedForEncodings = 0;
			knownRegions = (
				en,
				Base,
			);
			mainGroup = 580622A61FFA36810002FD0A;
			productRefGroup = 580622B01FFA36810002FD0A /* Products */;
			projectDirPath = "";
			projectRoot = "";
			targets = (
				580622AE1FFA36810002FD0A /* MLCodeTestTow */,
				580622C71FFA36810002FD0A /* MLCodeTestTowTests */,
				580622D21FFA36820002FD0A /* MLCodeTestTowUITests */,
			);
		};
/* End PBXProject section */

/* Begin PBXResourcesBuildPhase section */
		580622AD1FFA36810002FD0A /* Resources */ = {
			isa = PBXResourcesBuildPhase;
			buildActionMask = 2147483647;
			files = (
				580622C21FFA36810002FD0A /* LaunchScreen.storyboard in Resources */,
				580622BF1FFA36810002FD0A /* Assets.xcassets in Resources */,
				580622BD1FFA36810002FD0A /* Main.storyboard in Resources */,
			);
			runOnlyForDeploymentPostprocessing = 0;
		};
		580622C61FFA36810002FD0A /* Resources */ = {
			isa = PBXResourcesBuildPhase;
			buildActionMask = 2147483647;
			files = (
			);
			runOnlyForDeploymentPostprocessing = 0;
		};
		580622D11FFA36820002FD0A /* Resources */ = {
			isa = PBXResourcesBuildPhase;
			buildActionMask = 2147483647;
			files = (
			);
			runOnlyForDeploymentPostprocessing = 0;
		};
/* End PBXResourcesBuildPhase section */

/* Begin PBXSourcesBuildPhase section */
		580622AB1FFA36810002FD0A /* Sources */ = {
			isa = PBXSourcesBuildPhase;
			buildActionMask = 2147483647;
			files = (
				580622BA1FFA36810002FD0A /* ViewController.m in Sources */,
				580622B71FFA36810002FD0A /* AppDelegate.m in Sources */,
				580622B41FFA36810002FD0A /* main.m in Sources */,
			);
			runOnlyForDeploymentPostprocessing = 0;
		};
		580622C41FFA36810002FD0A /* Sources */ = {
			isa = PBXSourcesBuildPhase;
			buildActionMask = 2147483647;
			files = (
				580622CD1FFA36820002FD0A /* MLCodeTestTowTests.m in Sources */,
			);
			runOnlyForDeploymentPostprocessing = 0;
		};
		580622CF1FFA36820002FD0A /* Sources */ = {
			isa = PBXSourcesBuildPhase;
			buildActionMask = 2147483647;
			files = (
				580622D81FFA36820002FD0A /* MLCodeTestTowUITests.m in Sources */,
			);
			runOnlyForDeploymentPostprocessing = 0;
		};
/* End PBXSourcesBuildPhase section */

/* Begin PBXTargetDependency section */
		580622CA1FFA36810002FD0A /* PBXTargetDependency */ = {
			isa = PBXTargetDependency;
			target = 580622AE1FFA36810002FD0A /* MLCodeTestTow */;
			targetProxy = 580622C91FFA36810002FD0A /* PBXContainerItemProxy */;
		};
		580622D51FFA36820002FD0A /* PBXTargetDependency */ = {
			isa = PBXTargetDependency;
			target = 580622AE1FFA36810002FD0A /* MLCodeTestTow */;
			targetProxy = 580622D41FFA36820002FD0A /* PBXContainerItemProxy */;
		};
/* End PBXTargetDependency section */

/* Begin PBXVariantGroup section */
		580622BB1FFA36810002FD0A /* Main.storyboard */ = {
			isa = PBXVariantGroup;
			children = (
				580622BC1FFA36810002FD0A /* Base */,
			);
			name = Main.storyboard;
			sourceTree = "<group>";
		};
		580622C01FFA36810002FD0A /* LaunchScreen.storyboard */ = {
			isa = PBXVariantGroup;
			children = (
				580622C11FFA36810002FD0A /* Base */,
			);
			name = LaunchScreen.storyboard;
			sourceTree = "<group>";
		};
/* End PBXVariantGroup section */

/* Begin XCBuildConfiguration section */
		580622DA1FFA36820002FD0A /* Debug */ = {
			isa = XCBuildConfiguration;
			buildSettings = {
				ALWAYS_SEARCH_USER_PATHS = NO;
				CLANG_CXX_LANGUAGE_STANDARD = "gnu++0x";
				CLANG_CXX_LIBRARY = "libc++";
				CLANG_ENABLE_MODULES = YES;
				CLANG_ENABLE_OBJC_ARC = YES;
				CLANG_WARN_BOOL_CONVERSION = YES;
				CLANG_WARN_CONSTANT_CONVERSION = YES;
				CLANG_WARN_DIRECT_OBJC_ISA_USAGE = YES_ERROR;
				CLANG_WARN_EMPTY_BODY = YES;
				CLANG_WARN_ENUM_CONVERSION = YES;
				CLANG_WARN_INT_CONVERSION = YES;
				CLANG_WARN_OBJC_ROOT_CLASS = YES_ERROR;
				CLANG_WARN_UNREACHABLE_CODE = YES;
				CLANG_WARN__DUPLICATE_METHOD_MATCH = YES;
				"CODE_SIGN_IDENTITY[sdk=iphoneos*]" = "iPhone Developer";
				COPY_PHASE_STRIP = NO;
				DEBUG_INFORMATION_FORMAT = dwarf;
				ENABLE_STRICT_OBJC_MSGSEND = YES;
				ENABLE_TESTABILITY = YES;
				GCC_C_LANGUAGE_STANDARD = gnu99;
				GCC_DYNAMIC_NO_PIC = NO;
				GCC_NO_COMMON_BLOCKS = YES;
				GCC_OPTIMIZATION_LEVEL = 0;
				GCC_PREPROCESSOR_DEFINITIONS = (
					"DEBUG=1",
					"$(inherited)",
				);
				GCC_WARN_64_TO_32_BIT_CONVERSION = YES;
				GCC_WARN_ABOUT_RETURN_TYPE = YES_ERROR;
				GCC_WARN_UNDECLARED_SELECTOR = YES;
				GCC_WARN_UNINITIALIZED_AUTOS = YES_AGGRESSIVE;
				GCC_WARN_UNUSED_FUNCTION = YES;
				GCC_WARN_UNUSED_VARIABLE = YES;
				IPHONEOS_DEPLOYMENT_TARGET = 9.2;
				MTL_ENABLE_DEBUG_INFO = YES;
				ONLY_ACTIVE_ARCH = YES;
				SDKROOT = iphoneos;
			};
			name = Debug;
		};
		580622DB1FFA36820002FD0A /* Release */ = {
			isa = XCBuildConfiguration;
			buildSettings = {
				ALWAYS_SEARCH_USER_PATHS = NO;
				CLANG_CXX_LANGUAGE_STANDARD = "gnu++0x";
				CLANG_CXX_LIBRARY = "libc++";
				CLANG_ENABLE_MODULES = YES;
				CLANG_ENABLE_OBJC_ARC = YES;
				CLANG_WARN_BOOL_CONVERSION = YES;
				CLANG_WARN_CONSTANT_CONVERSION = YES;
				CLANG_WARN_DIRECT_OBJC_ISA_USAGE = YES_ERROR;
				CLANG_WARN_EMPTY_BODY = YES;
				CLANG_WARN_ENUM_CONVERSION = YES;
				CLANG_WARN_INT_CONVERSION = YES;
				CLANG_WARN_OBJC_ROOT_CLASS = YES_ERROR;
				CLANG_WARN_UNREACHABLE_CODE = YES;
				CLANG_WARN__DUPLICATE_METHOD_MATCH = YES;
				"CODE_SIGN_IDENTITY[sdk=iphoneos*]" = "iPhone Developer";
				COPY_PHASE_STRIP = NO;
				DEBUG_INFORMATION_FORMAT = "dwarf-with-dsym";
				ENABLE_NS_ASSERTIONS = NO;
				ENABLE_STRICT_OBJC_MSGSEND = YES;
				GCC_C_LANGUAGE_STANDARD = gnu99;
				GCC_NO_COMMON_BLOCKS = YES;
				GCC_WARN_64_TO_32_BIT_CONVERSION = YES;
				GCC_WARN_ABOUT_RETURN_TYPE = YES_ERROR;
				GCC_WARN_UNDECLARED_SELECTOR = YES;
				GCC_WARN_UNINITIALIZED_AUTOS = YES_AGGRESSIVE;
				GCC_WARN_UNUSED_FUNCTION = YES;
				GCC_WARN_UNUSED_VARIABLE = YES;
				IPHONEOS_DEPLOYMENT_TARGET = 9.2;
				MTL_ENABLE_DEBUG_INFO = NO;
				SDKROOT = iphoneos;
				VALIDATE_PRODUCT = YES;
			};
			name = Release;
		};
		580622DD1FFA36820002FD0A /* Debug */ = {
			isa = XCBuildConfiguration;
			buildSettings = {
				ASSETCATALOG_COMPILER_APPICON_NAME = AppIcon;
				INFOPLIST_FILE = MLCodeTestTow/Info.plist;
				LD_RUNPATH_SEARCH_PATHS = "$(inherited) @executable_path/Frameworks";
				PRODUCT_BUNDLE_IDENTIFIER = mantai.com.MLCodeTestTow;
				PRODUCT_NAME = "$(TARGET_NAME)";
			};
			name = Debug;
		};
		580622DE1FFA36820002FD0A /* Release */ = {
			isa = XCBuildConfiguration;
			buildSettings = {
				ASSETCATALOG_COMPILER_APPICON_NAME = AppIcon;
				INFOPLIST_FILE = MLCodeTestTow/Info.plist;
				LD_RUNPATH_SEARCH_PATHS = "$(inherited) @executable_path/Frameworks";
				PRODUCT_BUNDLE_IDENTIFIER = mantai.com.MLCodeTestTow;
				PRODUCT_NAME = "$(TARGET_NAME)";
			};
			name = Release;
		};
		580622E01FFA36820002FD0A /* Debug */ = {
			isa = XCBuildConfiguration;
			buildSettings = {
				BUNDLE_LOADER = "$(TEST_HOST)";
				INFOPLIST_FILE = MLCodeTestTowTests/Info.plist;
				LD_RUNPATH_SEARCH_PATHS = "$(inherited) @executable_path/Frameworks @loader_path/Frameworks";
				PRODUCT_BUNDLE_IDENTIFIER = mantai.com.MLCodeTestTowTests;
				PRODUCT_NAME = "$(TARGET_NAME)";
				TEST_HOST = "$(BUILT_PRODUCTS_DIR)/MLCodeTestTow.app/MLCodeTestTow";
			};
			name = Debug;
		};
		580622E11FFA36820002FD0A /* Release */ = {
			isa = XCBuildConfiguration;
			buildSettings = {
				BUNDLE_LOADER = "$(TEST_HOST)";
				INFOPLIST_FILE = MLCodeTestTowTests/Info.plist;
				LD_RUNPATH_SEARCH_PATHS = "$(inherited) @executable_path/Frameworks @loader_path/Frameworks";
				PRODUCT_BUNDLE_IDENTIFIER = mantai.com.MLCodeTestTowTests;
				PRODUCT_NAME = "$(TARGET_NAME)";
				TEST_HOST = "$(BUILT_PRODUCTS_DIR)/MLCodeTestTow.app/MLCodeTestTow";
			};
			name = Release;
		};
		580622E31FFA36820002FD0A /* Debug */ = {
			isa = XCBuildConfiguration;
			buildSettings = {
				INFOPLIST_FILE = MLCodeTestTowUITests/Info.plist;
				LD_RUNPATH_SEARCH_PATHS = "$(inherited) @executable_path/Frameworks @loader_path/Frameworks";
				PRODUCT_BUNDLE_IDENTIFIER = mantai.com.MLCodeTestTowUITests;
				PRODUCT_NAME = "$(TARGET_NAME)";
				TEST_TARGET_NAME = MLCodeTestTow;
				USES_XCTRUNNER = YES;
			};
			name = Debug;
		};
		580622E41FFA36820002FD0A /* Release */ = {
			isa = XCBuildConfiguration;
			buildSettings = {
				INFOPLIST_FILE = MLCodeTestTowUITests/Info.plist;
				LD_RUNPATH_SEARCH_PATHS = "$(inherited) @executable_path/Frameworks @loader_path/Frameworks";
				PRODUCT_BUNDLE_IDENTIFIER = mantai.com.MLCodeTestTowUITests;
				PRODUCT_NAME = "$(TARGET_NAME)";
				TEST_TARGET_NAME = MLCodeTestTow;
				USES_XCTRUNNER = YES;
			};
			name = Release;
		};
/* End XCBuildConfiguration section */

/* Begin XCConfigurationList section */
		580622AA1FFA36810002FD0A /* Build configuration list for PBXProject "MLCodeTestTow" */ = {
			isa = XCConfigurationList;
			buildConfigurations = (
				580622DA1FFA36820002FD0A /* Debug */,
				580622DB1FFA36820002FD0A /* Release */,
			);
			defaultConfigurationIsVisible = 0;
			defaultConfigurationName = Release;
		};
		580622DC1FFA36820002FD0A /* Build configuration list for PBXNativeTarget "MLCodeTestTow" */ = {
			isa = XCConfigurationList;
			buildConfigurations = (
				580622DD1FFA36820002FD0A /* Debug */,
				580622DE1FFA36820002FD0A /* Release */,
			);
			defaultConfigurationIsVisible = 0;
		};
		580622DF1FFA36820002FD0A /* Build configuration list for PBXNativeTarget "MLCodeTestTowTests" */ = {
			isa = XCConfigurationList;
			buildConfigurations = (
				580622E01FFA36820002FD0A /* Debug */,
				580622E11FFA36820002FD0A /* Release */,
			);
			defaultConfigurationIsVisible = 0;
		};
		580622E21FFA36820002FD0A /* Build configuration list for PBXNativeTarget "MLCodeTestTowUITests" */ = {
			isa = XCConfigurationList;
			buildConfigurations = (
				580622E31FFA36820002FD0A /* Debug */,
				580622E41FFA36820002FD0A /* Release */,
			);
			defaultConfigurationIsVisible = 0;
		};
/* End XCConfigurationList section */
	};
	rootObject = 580622A71FFA36810002FD0A /* Project object */;
}
